// !$*UTF8*$!
{
	archiveVersion = 1;
	classes = {
	};
	objectVersion = 48;
	objects = {

/* Begin PBXBuildFile section */
		629B038092389DE24D3CB508 /* Pods_curbmap_ios_mvp.framework in Frameworks */ = {isa = PBXBuildFile; fileRef = 27270B6931A65C090D81A659 /* Pods_curbmap_ios_mvp.framework */; };
		95417FF24EEA3003DAC319BE /* Pods_curbmap_ios_mvpTests.framework in Frameworks */ = {isa = PBXBuildFile; fileRef = 974D7A38275B954592532363 /* Pods_curbmap_ios_mvpTests.framework */; };
		C364445CFCF0A89B517DE76E /* Pods_curbmap_ios_mvpUITests.framework in Frameworks */ = {isa = PBXBuildFile; fileRef = 4D8EC1F2742002BD49E6AB6F /* Pods_curbmap_ios_mvpUITests.framework */; };
		D50CC4EF20683E6F007A37E3 /* User.swift in Sources */ = {isa = PBXBuildFile; fileRef = D50CC4EE20683E6F007A37E3 /* User.swift */; };
		D50CC4F020683E6F007A37E3 /* User.swift in Sources */ = {isa = PBXBuildFile; fileRef = D50CC4EE20683E6F007A37E3 /* User.swift */; };
		D50CC4F120683E6F007A37E3 /* User.swift in Sources */ = {isa = PBXBuildFile; fileRef = D50CC4EE20683E6F007A37E3 /* User.swift */; };
		D5E75A54206AE9A500A58E3F /* AuthServices.swift in Sources */ = {isa = PBXBuildFile; fileRef = D5E75A53206AE9A500A58E3F /* AuthServices.swift */; };
		D5E75A55206AE9A500A58E3F /* AuthServices.swift in Sources */ = {isa = PBXBuildFile; fileRef = D5E75A53206AE9A500A58E3F /* AuthServices.swift */; };
		D5EF538A2066224C001F602C /* AppDelegate.swift in Sources */ = {isa = PBXBuildFile; fileRef = D5EF53892066224C001F602C /* AppDelegate.swift */; };
		D5EF538C2066224D001F602C /* LoginViewController.swift in Sources */ = {isa = PBXBuildFile; fileRef = D5EF538B2066224D001F602C /* LoginViewController.swift */; };
		D5EF538F2066224D001F602C /* Main.storyboard in Resources */ = {isa = PBXBuildFile; fileRef = D5EF538D2066224D001F602C /* Main.storyboard */; };
		D5EF53912066224D001F602C /* Assets.xcassets in Resources */ = {isa = PBXBuildFile; fileRef = D5EF53902066224D001F602C /* Assets.xcassets */; };
		D5EF53942066224D001F602C /* LaunchScreen.storyboard in Resources */ = {isa = PBXBuildFile; fileRef = D5EF53922066224D001F602C /* LaunchScreen.storyboard */; };
		D5EF539F2066224D001F602C /* curbmap_ios_mvpTests.swift in Sources */ = {isa = PBXBuildFile; fileRef = D5EF539E2066224D001F602C /* curbmap_ios_mvpTests.swift */; };
		D5EF53AA2066224D001F602C /* curbmap_ios_mvpUITests.swift in Sources */ = {isa = PBXBuildFile; fileRef = D5EF53A92066224D001F602C /* curbmap_ios_mvpUITests.swift */; };
		D5EF53BA206622BD001F602C /* MapKit.framework in Frameworks */ = {isa = PBXBuildFile; fileRef = D5EF53B9206622BD001F602C /* MapKit.framework */; };
		F965C137206AD8EE00814D46 /* NavigationViewController.swift in Sources */ = {isa = PBXBuildFile; fileRef = F965C136206AD8EE00814D46 /* NavigationViewController.swift */; };
		F9AEE6E920672EB90030B2E8 /* Poppins in Resources */ = {isa = PBXBuildFile; fileRef = F9AEE6E820672EB90030B2E8 /* Poppins */; };
/* End PBXBuildFile section */

/* Begin PBXContainerItemProxy section */
		D5EF539B2066224D001F602C /* PBXContainerItemProxy */ = {
			isa = PBXContainerItemProxy;
			containerPortal = D5EF537E2066224C001F602C /* Project object */;
			proxyType = 1;
			remoteGlobalIDString = D5EF53852066224C001F602C;
			remoteInfo = "curbmap-ios-mvp";
		};
		D5EF53A62066224D001F602C /* PBXContainerItemProxy */ = {
			isa = PBXContainerItemProxy;
			containerPortal = D5EF537E2066224C001F602C /* Project object */;
			proxyType = 1;
			remoteGlobalIDString = D5EF53852066224C001F602C;
			remoteInfo = "curbmap-ios-mvp";
		};
/* End PBXContainerItemProxy section */

/* Begin PBXFileReference section */
		27270B6931A65C090D81A659 /* Pods_curbmap_ios_mvp.framework */ = {isa = PBXFileReference; explicitFileType = wrapper.framework; includeInIndex = 0; path = Pods_curbmap_ios_mvp.framework; sourceTree = BUILT_PRODUCTS_DIR; };
		354F8FA736657A76EA3E6AA1 /* Pods-curbmap-ios-mvp.release.xcconfig */ = {isa = PBXFileReference; includeInIndex = 1; lastKnownFileType = text.xcconfig; name = "Pods-curbmap-ios-mvp.release.xcconfig"; path = "Pods/Target Support Files/Pods-curbmap-ios-mvp/Pods-curbmap-ios-mvp.release.xcconfig"; sourceTree = "<group>"; };
		41BE27CEEC9A7125527D724D /* Pods-curbmap-ios-mvp.debug.xcconfig */ = {isa = PBXFileReference; includeInIndex = 1; lastKnownFileType = text.xcconfig; name = "Pods-curbmap-ios-mvp.debug.xcconfig"; path = "Pods/Target Support Files/Pods-curbmap-ios-mvp/Pods-curbmap-ios-mvp.debug.xcconfig"; sourceTree = "<group>"; };
		4D8EC1F2742002BD49E6AB6F /* Pods_curbmap_ios_mvpUITests.framework */ = {isa = PBXFileReference; explicitFileType = wrapper.framework; includeInIndex = 0; path = Pods_curbmap_ios_mvpUITests.framework; sourceTree = BUILT_PRODUCTS_DIR; };
		64FAC069469E8A762CF8B7B8 /* Pods-curbmap-ios-mvpUITests.debug.xcconfig */ = {isa = PBXFileReference; includeInIndex = 1; lastKnownFileType = text.xcconfig; name = "Pods-curbmap-ios-mvpUITests.debug.xcconfig"; path = "Pods/Target Support Files/Pods-curbmap-ios-mvpUITests/Pods-curbmap-ios-mvpUITests.debug.xcconfig"; sourceTree = "<group>"; };
		82F365EA00BFB88242C2E0F5 /* Pods-curbmap-ios-mvpTests.debug.xcconfig */ = {isa = PBXFileReference; includeInIndex = 1; lastKnownFileType = text.xcconfig; name = "Pods-curbmap-ios-mvpTests.debug.xcconfig"; path = "Pods/Target Support Files/Pods-curbmap-ios-mvpTests/Pods-curbmap-ios-mvpTests.debug.xcconfig"; sourceTree = "<group>"; };
		974D7A38275B954592532363 /* Pods_curbmap_ios_mvpTests.framework */ = {isa = PBXFileReference; explicitFileType = wrapper.framework; includeInIndex = 0; path = Pods_curbmap_ios_mvpTests.framework; sourceTree = BUILT_PRODUCTS_DIR; };
		C7870AFE72127AC6298E16D1 /* Pods-curbmap-ios-mvpUITests.release.xcconfig */ = {isa = PBXFileReference; includeInIndex = 1; lastKnownFileType = text.xcconfig; name = "Pods-curbmap-ios-mvpUITests.release.xcconfig"; path = "Pods/Target Support Files/Pods-curbmap-ios-mvpUITests/Pods-curbmap-ios-mvpUITests.release.xcconfig"; sourceTree = "<group>"; };
		D50CC4EE20683E6F007A37E3 /* User.swift */ = {isa = PBXFileReference; lastKnownFileType = sourcecode.swift; path = User.swift; sourceTree = "<group>"; };
		D5E75A53206AE9A500A58E3F /* AuthServices.swift */ = {isa = PBXFileReference; lastKnownFileType = sourcecode.swift; path = AuthServices.swift; sourceTree = "<group>"; };
		D5EF53862066224C001F602C /* curbmap-ios-mvp.app */ = {isa = PBXFileReference; explicitFileType = wrapper.application; includeInIndex = 0; path = "curbmap-ios-mvp.app"; sourceTree = BUILT_PRODUCTS_DIR; };
		D5EF53892066224C001F602C /* AppDelegate.swift */ = {isa = PBXFileReference; lastKnownFileType = sourcecode.swift; path = AppDelegate.swift; sourceTree = "<group>"; };
		D5EF538B2066224D001F602C /* LoginViewController.swift */ = {isa = PBXFileReference; lastKnownFileType = sourcecode.swift; path = LoginViewController.swift; sourceTree = "<group>"; };
		D5EF538E2066224D001F602C /* Base */ = {isa = PBXFileReference; lastKnownFileType = file.storyboard; name = Base; path = Base.lproj/Main.storyboard; sourceTree = "<group>"; };
		D5EF53902066224D001F602C /* Assets.xcassets */ = {isa = PBXFileReference; lastKnownFileType = folder.assetcatalog; path = Assets.xcassets; sourceTree = "<group>"; };
		D5EF53932066224D001F602C /* Base */ = {isa = PBXFileReference; lastKnownFileType = file.storyboard; name = Base; path = Base.lproj/LaunchScreen.storyboard; sourceTree = "<group>"; };
		D5EF53952066224D001F602C /* Info.plist */ = {isa = PBXFileReference; lastKnownFileType = text.plist.xml; path = Info.plist; sourceTree = "<group>"; };
		D5EF539A2066224D001F602C /* curbmap-ios-mvpTests.xctest */ = {isa = PBXFileReference; explicitFileType = wrapper.cfbundle; includeInIndex = 0; path = "curbmap-ios-mvpTests.xctest"; sourceTree = BUILT_PRODUCTS_DIR; };
		D5EF539E2066224D001F602C /* curbmap_ios_mvpTests.swift */ = {isa = PBXFileReference; lastKnownFileType = sourcecode.swift; path = curbmap_ios_mvpTests.swift; sourceTree = "<group>"; };
		D5EF53A02066224D001F602C /* Info.plist */ = {isa = PBXFileReference; lastKnownFileType = text.plist.xml; path = Info.plist; sourceTree = "<group>"; };
		D5EF53A52066224D001F602C /* curbmap-ios-mvpUITests.xctest */ = {isa = PBXFileReference; explicitFileType = wrapper.cfbundle; includeInIndex = 0; path = "curbmap-ios-mvpUITests.xctest"; sourceTree = BUILT_PRODUCTS_DIR; };
		D5EF53A92066224D001F602C /* curbmap_ios_mvpUITests.swift */ = {isa = PBXFileReference; lastKnownFileType = sourcecode.swift; path = curbmap_ios_mvpUITests.swift; sourceTree = "<group>"; };
		D5EF53AB2066224D001F602C /* Info.plist */ = {isa = PBXFileReference; lastKnownFileType = text.plist.xml; path = Info.plist; sourceTree = "<group>"; };
		D5EF53B9206622BD001F602C /* MapKit.framework */ = {isa = PBXFileReference; lastKnownFileType = wrapper.framework; name = MapKit.framework; path = System/Library/Frameworks/MapKit.framework; sourceTree = SDKROOT; };
		F965C136206AD8EE00814D46 /* NavigationViewController.swift */ = {isa = PBXFileReference; lastKnownFileType = sourcecode.swift; path = NavigationViewController.swift; sourceTree = "<group>"; };
		F9AEE6E820672EB90030B2E8 /* Poppins */ = {isa = PBXFileReference; lastKnownFileType = folder; path = Poppins; sourceTree = "<group>"; };
		FE1A8CAFD27D8D7ED785448C /* Pods-curbmap-ios-mvpTests.release.xcconfig */ = {isa = PBXFileReference; includeInIndex = 1; lastKnownFileType = text.xcconfig; name = "Pods-curbmap-ios-mvpTests.release.xcconfig"; path = "Pods/Target Support Files/Pods-curbmap-ios-mvpTests/Pods-curbmap-ios-mvpTests.release.xcconfig"; sourceTree = "<group>"; };
/* End PBXFileReference section */

/* Begin PBXFrameworksBuildPhase section */
		D5EF53832066224C001F602C /* Frameworks */ = {
			isa = PBXFrameworksBuildPhase;
			buildActionMask = 2147483647;
			files = (
				D5EF53BA206622BD001F602C /* MapKit.framework in Frameworks */,
				629B038092389DE24D3CB508 /* Pods_curbmap_ios_mvp.framework in Frameworks */,
			);
			runOnlyForDeploymentPostprocessing = 0;
		};
		D5EF53972066224D001F602C /* Frameworks */ = {
			isa = PBXFrameworksBuildPhase;
			buildActionMask = 2147483647;
			files = (
				95417FF24EEA3003DAC319BE /* Pods_curbmap_ios_mvpTests.framework in Frameworks */,
			);
			runOnlyForDeploymentPostprocessing = 0;
		};
		D5EF53A22066224D001F602C /* Frameworks */ = {
			isa = PBXFrameworksBuildPhase;
			buildActionMask = 2147483647;
			files = (
				C364445CFCF0A89B517DE76E /* Pods_curbmap_ios_mvpUITests.framework in Frameworks */,
			);
			runOnlyForDeploymentPostprocessing = 0;
		};
/* End PBXFrameworksBuildPhase section */

/* Begin PBXGroup section */
		6CFC0519FB0044BA78DA36AF /* Pods */ = {
			isa = PBXGroup;
			children = (
				41BE27CEEC9A7125527D724D /* Pods-curbmap-ios-mvp.debug.xcconfig */,
				354F8FA736657A76EA3E6AA1 /* Pods-curbmap-ios-mvp.release.xcconfig */,
				82F365EA00BFB88242C2E0F5 /* Pods-curbmap-ios-mvpTests.debug.xcconfig */,
				FE1A8CAFD27D8D7ED785448C /* Pods-curbmap-ios-mvpTests.release.xcconfig */,
				64FAC069469E8A762CF8B7B8 /* Pods-curbmap-ios-mvpUITests.debug.xcconfig */,
				C7870AFE72127AC6298E16D1 /* Pods-curbmap-ios-mvpUITests.release.xcconfig */,
			);
			name = Pods;
			sourceTree = "<group>";
		};
		D50CC4F2206840D1007A37E3 /* User */ = {
			isa = PBXGroup;
			children = (
			);
			path = User;
			sourceTree = "<group>";
		};
		D5E75A51206AE96600A58E3F /* Model */ = {
			isa = PBXGroup;
			children = (
				D50CC4EE20683E6F007A37E3 /* User.swift */,
			);
			path = Model;
			sourceTree = "<group>";
		};
		D5E75A52206AE96D00A58E3F /* Services */ = {
			isa = PBXGroup;
			children = (
				D5E75A53206AE9A500A58E3F /* AuthServices.swift */,
			);
			path = Services;
			sourceTree = "<group>";
		};
		D5EF537D2066224C001F602C = {
			isa = PBXGroup;
			children = (
				D5EF53882066224C001F602C /* curbmap-ios-mvp */,
				D5EF539D2066224D001F602C /* curbmap-ios-mvpTests */,
				D5EF53A82066224D001F602C /* curbmap-ios-mvpUITests */,
				D5EF53872066224C001F602C /* Products */,
				D5EF53B8206622BD001F602C /* Frameworks */,
				6CFC0519FB0044BA78DA36AF /* Pods */,
			);
			sourceTree = "<group>";
		};
		D5EF53872066224C001F602C /* Products */ = {
			isa = PBXGroup;
			children = (
				D5EF53862066224C001F602C /* curbmap-ios-mvp.app */,
				D5EF539A2066224D001F602C /* curbmap-ios-mvpTests.xctest */,
				D5EF53A52066224D001F602C /* curbmap-ios-mvpUITests.xctest */,
			);
			name = Products;
			sourceTree = "<group>";
		};
		D5EF53882066224C001F602C /* curbmap-ios-mvp */ = {
			isa = PBXGroup;
			children = (
				D5E75A52206AE96D00A58E3F /* Services */,
				D5E75A51206AE96600A58E3F /* Model */,
				F9AEE6E7206724B00030B2E8 /* View */,
				F9AEE6E6206724A60030B2E8 /* Controllers */,
				F9AEE6E5206724730030B2E8 /* Supporting Files */,
				D5EF53952066224D001F602C /* Info.plist */,
			);
			path = "curbmap-ios-mvp";
			sourceTree = "<group>";
		};
		D5EF539D2066224D001F602C /* curbmap-ios-mvpTests */ = {
			isa = PBXGroup;
			children = (
				D5EF539E2066224D001F602C /* curbmap_ios_mvpTests.swift */,
				D5EF53A02066224D001F602C /* Info.plist */,
			);
			path = "curbmap-ios-mvpTests";
			sourceTree = "<group>";
		};
		D5EF53A82066224D001F602C /* curbmap-ios-mvpUITests */ = {
			isa = PBXGroup;
			children = (
				D5EF53A92066224D001F602C /* curbmap_ios_mvpUITests.swift */,
				D5EF53AB2066224D001F602C /* Info.plist */,
			);
			path = "curbmap-ios-mvpUITests";
			sourceTree = "<group>";
		};
		D5EF53B8206622BD001F602C /* Frameworks */ = {
			isa = PBXGroup;
			children = (
				D5EF53B9206622BD001F602C /* MapKit.framework */,
				27270B6931A65C090D81A659 /* Pods_curbmap_ios_mvp.framework */,
				974D7A38275B954592532363 /* Pods_curbmap_ios_mvpTests.framework */,
				4D8EC1F2742002BD49E6AB6F /* Pods_curbmap_ios_mvpUITests.framework */,
			);
			name = Frameworks;
			sourceTree = "<group>";
		};
		F9AEE6E5206724730030B2E8 /* Supporting Files */ = {
			isa = PBXGroup;
			children = (
				F9AEE6E820672EB90030B2E8 /* Poppins */,
				D50CC4F2206840D1007A37E3 /* User */,
				D5EF53922066224D001F602C /* LaunchScreen.storyboard */,
				D5EF53892066224C001F602C /* AppDelegate.swift */,
				D5EF53902066224D001F602C /* Assets.xcassets */,
			);
			path = "Supporting Files";
			sourceTree = "<group>";
		};
		F9AEE6E6206724A60030B2E8 /* Controllers */ = {
			isa = PBXGroup;
			children = (
				D5EF538B2066224D001F602C /* LoginViewController.swift */,
				F965C136206AD8EE00814D46 /* NavigationViewController.swift */,
			);
			path = Controllers;
			sourceTree = "<group>";
		};
		F9AEE6E7206724B00030B2E8 /* View */ = {
			isa = PBXGroup;
			children = (
				D5EF538D2066224D001F602C /* Main.storyboard */,
			);
			path = View;
			sourceTree = "<group>";
		};
/* End PBXGroup section */

/* Begin PBXNativeTarget section */
		D5EF53852066224C001F602C /* curbmap-ios-mvp */ = {
			isa = PBXNativeTarget;
			buildConfigurationList = D5EF53AE2066224D001F602C /* Build configuration list for PBXNativeTarget "curbmap-ios-mvp" */;
			buildPhases = (
				9B98ECF4CFA36767E84D35D3 /* [CP] Check Pods Manifest.lock */,
				D5EF53822066224C001F602C /* Sources */,
				D5EF53832066224C001F602C /* Frameworks */,
				D5EF53842066224C001F602C /* Resources */,
				2A3BCC7C884268D8BBCFD3CC /* [CP] Embed Pods Frameworks */,
				7BDEE610904DA5A580CFDE3E /* [CP] Copy Pods Resources */,
			);
			buildRules = (
			);
			dependencies = (
			);
			name = "curbmap-ios-mvp";
			productName = "curbmap-ios-mvp";
			productReference = D5EF53862066224C001F602C /* curbmap-ios-mvp.app */;
			productType = "com.apple.product-type.application";
		};
		D5EF53992066224D001F602C /* curbmap-ios-mvpTests */ = {
			isa = PBXNativeTarget;
			buildConfigurationList = D5EF53B12066224D001F602C /* Build configuration list for PBXNativeTarget "curbmap-ios-mvpTests" */;
			buildPhases = (
				E33E453918073A2826B89F61 /* [CP] Check Pods Manifest.lock */,
				D5EF53962066224D001F602C /* Sources */,
				D5EF53972066224D001F602C /* Frameworks */,
				D5EF53982066224D001F602C /* Resources */,
				0756A10E5A5CCC65ECF38A8B /* [CP] Embed Pods Frameworks */,
				EE97E9320BA93C482142FD72 /* [CP] Copy Pods Resources */,
			);
			buildRules = (
			);
			dependencies = (
				D5EF539C2066224D001F602C /* PBXTargetDependency */,
			);
			name = "curbmap-ios-mvpTests";
			productName = "curbmap-ios-mvpTests";
			productReference = D5EF539A2066224D001F602C /* curbmap-ios-mvpTests.xctest */;
			productType = "com.apple.product-type.bundle.unit-test";
		};
		D5EF53A42066224D001F602C /* curbmap-ios-mvpUITests */ = {
			isa = PBXNativeTarget;
			buildConfigurationList = D5EF53B42066224D001F602C /* Build configuration list for PBXNativeTarget "curbmap-ios-mvpUITests" */;
			buildPhases = (
				7B983AEDAF5D96A714900871 /* [CP] Check Pods Manifest.lock */,
				D5EF53A12066224D001F602C /* Sources */,
				D5EF53A22066224D001F602C /* Frameworks */,
				D5EF53A32066224D001F602C /* Resources */,
				8FE3E14455E0084E398CB6F7 /* [CP] Embed Pods Frameworks */,
				2D6F66EDD8B0AFA9C47CBCEF /* [CP] Copy Pods Resources */,
			);
			buildRules = (
			);
			dependencies = (
				D5EF53A72066224D001F602C /* PBXTargetDependency */,
			);
			name = "curbmap-ios-mvpUITests";
			productName = "curbmap-ios-mvpUITests";
			productReference = D5EF53A52066224D001F602C /* curbmap-ios-mvpUITests.xctest */;
			productType = "com.apple.product-type.bundle.ui-testing";
		};
/* End PBXNativeTarget section */

/* Begin PBXProject section */
		D5EF537E2066224C001F602C /* Project object */ = {
			isa = PBXProject;
			attributes = {
				LastSwiftUpdateCheck = 0920;
				LastUpgradeCheck = 0920;
				ORGANIZATIONNAME = "Eli Selkin";
				TargetAttributes = {
					D5EF53852066224C001F602C = {
						CreatedOnToolsVersion = 9.2;
						ProvisioningStyle = Automatic;
						SystemCapabilities = {
							com.apple.BackgroundModes = {
								enabled = 0;
							};
							com.apple.Maps.iOS = {
								enabled = 1;
							};
							com.apple.Push = {
								enabled = 0;
							};
						};
					};
					D5EF53992066224D001F602C = {
						CreatedOnToolsVersion = 9.2;
						ProvisioningStyle = Automatic;
						TestTargetID = D5EF53852066224C001F602C;
					};
					D5EF53A42066224D001F602C = {
						CreatedOnToolsVersion = 9.2;
						ProvisioningStyle = Automatic;
						TestTargetID = D5EF53852066224C001F602C;
					};
				};
			};
			buildConfigurationList = D5EF53812066224C001F602C /* Build configuration list for PBXProject "curbmap-ios-mvp" */;
			compatibilityVersion = "Xcode 8.0";
			developmentRegion = en;
			hasScannedForEncodings = 0;
			knownRegions = (
				en,
				Base,
			);
			mainGroup = D5EF537D2066224C001F602C;
			productRefGroup = D5EF53872066224C001F602C /* Products */;
			projectDirPath = "";
			projectRoot = "";
			targets = (
				D5EF53852066224C001F602C /* curbmap-ios-mvp */,
				D5EF53992066224D001F602C /* curbmap-ios-mvpTests */,
				D5EF53A42066224D001F602C /* curbmap-ios-mvpUITests */,
			);
		};
/* End PBXProject section */

/* Begin PBXResourcesBuildPhase section */
		D5EF53842066224C001F602C /* Resources */ = {
			isa = PBXResourcesBuildPhase;
			buildActionMask = 2147483647;
			files = (
				F9AEE6E920672EB90030B2E8 /* Poppins in Resources */,
				D5EF53942066224D001F602C /* LaunchScreen.storyboard in Resources */,
				D5EF53912066224D001F602C /* Assets.xcassets in Resources */,
				D5EF538F2066224D001F602C /* Main.storyboard in Resources */,
			);
			runOnlyForDeploymentPostprocessing = 0;
		};
		D5EF53982066224D001F602C /* Resources */ = {
			isa = PBXResourcesBuildPhase;
			buildActionMask = 2147483647;
			files = (
			);
			runOnlyForDeploymentPostprocessing = 0;
		};
		D5EF53A32066224D001F602C /* Resources */ = {
			isa = PBXResourcesBuildPhase;
			buildActionMask = 2147483647;
			files = (
			);
			runOnlyForDeploymentPostprocessing = 0;
		};
/* End PBXResourcesBuildPhase section */

/* Begin PBXShellScriptBuildPhase section */
		0756A10E5A5CCC65ECF38A8B /* [CP] Embed Pods Frameworks */ = {
			isa = PBXShellScriptBuildPhase;
			buildActionMask = 2147483647;
			files = (
			);
			inputPaths = (
			);
			name = "[CP] Embed Pods Frameworks";
			outputPaths = (
			);
			runOnlyForDeploymentPostprocessing = 0;
			shellPath = /bin/sh;
			shellScript = "\"${SRCROOT}/Pods/Target Support Files/Pods-curbmap-ios-mvpTests/Pods-curbmap-ios-mvpTests-frameworks.sh\"\n";
			showEnvVarsInLog = 0;
		};
		2A3BCC7C884268D8BBCFD3CC /* [CP] Embed Pods Frameworks */ = {
			isa = PBXShellScriptBuildPhase;
			buildActionMask = 2147483647;
			files = (
			);
			inputPaths = (
				"${SRCROOT}/Pods/Target Support Files/Pods-curbmap-ios-mvp/Pods-curbmap-ios-mvp-frameworks.sh",
				"${BUILT_PRODUCTS_DIR}/Alamofire/Alamofire.framework",
				"${BUILT_PRODUCTS_DIR}/AlamofireImage/AlamofireImage.framework",
				"${BUILT_PRODUCTS_DIR}/KeychainAccess/KeychainAccess.framework",
				"${BUILT_PRODUCTS_DIR}/Mixpanel-swift/Mixpanel.framework",
				"${BUILT_PRODUCTS_DIR}/NVActivityIndicatorView/NVActivityIndicatorView.framework",
				"${BUILT_PRODUCTS_DIR}/OpenLocationCode/OpenLocationCode.framework",
				"${BUILT_PRODUCTS_DIR}/ReactiveCocoa/ReactiveCocoa.framework",
				"${BUILT_PRODUCTS_DIR}/ReactiveSwift/ReactiveSwift.framework",
				"${BUILT_PRODUCTS_DIR}/Result/Result.framework",
				"${BUILT_PRODUCTS_DIR}/SnapKit/SnapKit.framework",
			);
			name = "[CP] Embed Pods Frameworks";
			outputPaths = (
				"${TARGET_BUILD_DIR}/${FRAMEWORKS_FOLDER_PATH}/Alamofire.framework",
				"${TARGET_BUILD_DIR}/${FRAMEWORKS_FOLDER_PATH}/AlamofireImage.framework",
				"${TARGET_BUILD_DIR}/${FRAMEWORKS_FOLDER_PATH}/KeychainAccess.framework",
				"${TARGET_BUILD_DIR}/${FRAMEWORKS_FOLDER_PATH}/Mixpanel.framework",
				"${TARGET_BUILD_DIR}/${FRAMEWORKS_FOLDER_PATH}/NVActivityIndicatorView.framework",
				"${TARGET_BUILD_DIR}/${FRAMEWORKS_FOLDER_PATH}/OpenLocationCode.framework",
				"${TARGET_BUILD_DIR}/${FRAMEWORKS_FOLDER_PATH}/ReactiveCocoa.framework",
				"${TARGET_BUILD_DIR}/${FRAMEWORKS_FOLDER_PATH}/ReactiveSwift.framework",
				"${TARGET_BUILD_DIR}/${FRAMEWORKS_FOLDER_PATH}/Result.framework",
				"${TARGET_BUILD_DIR}/${FRAMEWORKS_FOLDER_PATH}/SnapKit.framework",
			);
			runOnlyForDeploymentPostprocessing = 0;
			shellPath = /bin/sh;
			shellScript = "\"${SRCROOT}/Pods/Target Support Files/Pods-curbmap-ios-mvp/Pods-curbmap-ios-mvp-frameworks.sh\"\n";
			showEnvVarsInLog = 0;
		};
		2D6F66EDD8B0AFA9C47CBCEF /* [CP] Copy Pods Resources */ = {
			isa = PBXShellScriptBuildPhase;
			buildActionMask = 2147483647;
			files = (
			);
			inputPaths = (
			);
			name = "[CP] Copy Pods Resources";
			outputPaths = (
			);
			runOnlyForDeploymentPostprocessing = 0;
			shellPath = /bin/sh;
			shellScript = "\"${SRCROOT}/Pods/Target Support Files/Pods-curbmap-ios-mvpUITests/Pods-curbmap-ios-mvpUITests-resources.sh\"\n";
			showEnvVarsInLog = 0;
		};
		7B983AEDAF5D96A714900871 /* [CP] Check Pods Manifest.lock */ = {
			isa = PBXShellScriptBuildPhase;
			buildActionMask = 2147483647;
			files = (
			);
			inputPaths = (
				"${PODS_PODFILE_DIR_PATH}/Podfile.lock",
				"${PODS_ROOT}/Manifest.lock",
			);
			name = "[CP] Check Pods Manifest.lock";
			outputPaths = (
				"$(DERIVED_FILE_DIR)/Pods-curbmap-ios-mvpUITests-checkManifestLockResult.txt",
			);
			runOnlyForDeploymentPostprocessing = 0;
			shellPath = /bin/sh;
			shellScript = "diff \"${PODS_PODFILE_DIR_PATH}/Podfile.lock\" \"${PODS_ROOT}/Manifest.lock\" > /dev/null\nif [ $? != 0 ] ; then\n    # print error to STDERR\n    echo \"error: The sandbox is not in sync with the Podfile.lock. Run 'pod install' or update your CocoaPods installation.\" >&2\n    exit 1\nfi\n# This output is used by Xcode 'outputs' to avoid re-running this script phase.\necho \"SUCCESS\" > \"${SCRIPT_OUTPUT_FILE_0}\"\n";
			showEnvVarsInLog = 0;
		};
		7BDEE610904DA5A580CFDE3E /* [CP] Copy Pods Resources */ = {
			isa = PBXShellScriptBuildPhase;
			buildActionMask = 2147483647;
			files = (
			);
			inputPaths = (
			);
			name = "[CP] Copy Pods Resources";
			outputPaths = (
			);
			runOnlyForDeploymentPostprocessing = 0;
			shellPath = /bin/sh;
			shellScript = "\"${SRCROOT}/Pods/Target Support Files/Pods-curbmap-ios-mvp/Pods-curbmap-ios-mvp-resources.sh\"\n";
			showEnvVarsInLog = 0;
		};
		8FE3E14455E0084E398CB6F7 /* [CP] Embed Pods Frameworks */ = {
			isa = PBXShellScriptBuildPhase;
			buildActionMask = 2147483647;
			files = (
			);
			inputPaths = (
			);
			name = "[CP] Embed Pods Frameworks";
			outputPaths = (
			);
			runOnlyForDeploymentPostprocessing = 0;
			shellPath = /bin/sh;
			shellScript = "\"${SRCROOT}/Pods/Target Support Files/Pods-curbmap-ios-mvpUITests/Pods-curbmap-ios-mvpUITests-frameworks.sh\"\n";
			showEnvVarsInLog = 0;
		};
		9B98ECF4CFA36767E84D35D3 /* [CP] Check Pods Manifest.lock */ = {
			isa = PBXShellScriptBuildPhase;
			buildActionMask = 2147483647;
			files = (
			);
			inputPaths = (
				"${PODS_PODFILE_DIR_PATH}/Podfile.lock",
				"${PODS_ROOT}/Manifest.lock",
			);
			name = "[CP] Check Pods Manifest.lock";
			outputPaths = (
				"$(DERIVED_FILE_DIR)/Pods-curbmap-ios-mvp-checkManifestLockResult.txt",
			);
			runOnlyForDeploymentPostprocessing = 0;
			shellPath = /bin/sh;
			shellScript = "diff \"${PODS_PODFILE_DIR_PATH}/Podfile.lock\" \"${PODS_ROOT}/Manifest.lock\" > /dev/null\nif [ $? != 0 ] ; then\n    # print error to STDERR\n    echo \"error: The sandbox is not in sync with the Podfile.lock. Run 'pod install' or update your CocoaPods installation.\" >&2\n    exit 1\nfi\n# This output is used by Xcode 'outputs' to avoid re-running this script phase.\necho \"SUCCESS\" > \"${SCRIPT_OUTPUT_FILE_0}\"\n";
			showEnvVarsInLog = 0;
		};
		E33E453918073A2826B89F61 /* [CP] Check Pods Manifest.lock */ = {
			isa = PBXShellScriptBuildPhase;
			buildActionMask = 2147483647;
			files = (
			);
			inputPaths = (
				"${PODS_PODFILE_DIR_PATH}/Podfile.lock",
				"${PODS_ROOT}/Manifest.lock",
			);
			name = "[CP] Check Pods Manifest.lock";
			outputPaths = (
				"$(DERIVED_FILE_DIR)/Pods-curbmap-ios-mvpTests-checkManifestLockResult.txt",
			);
			runOnlyForDeploymentPostprocessing = 0;
			shellPath = /bin/sh;
			shellScript = "diff \"${PODS_PODFILE_DIR_PATH}/Podfile.lock\" \"${PODS_ROOT}/Manifest.lock\" > /dev/null\nif [ $? != 0 ] ; then\n    # print error to STDERR\n    echo \"error: The sandbox is not in sync with the Podfile.lock. Run 'pod install' or update your CocoaPods installation.\" >&2\n    exit 1\nfi\n# This output is used by Xcode 'outputs' to avoid re-running this script phase.\necho \"SUCCESS\" > \"${SCRIPT_OUTPUT_FILE_0}\"\n";
			showEnvVarsInLog = 0;
		};
		EE97E9320BA93C482142FD72 /* [CP] Copy Pods Resources */ = {
			isa = PBXShellScriptBuildPhase;
			buildActionMask = 2147483647;
			files = (
			);
			inputPaths = (
			);
			name = "[CP] Copy Pods Resources";
			outputPaths = (
			);
			runOnlyForDeploymentPostprocessing = 0;
			shellPath = /bin/sh;
			shellScript = "\"${SRCROOT}/Pods/Target Support Files/Pods-curbmap-ios-mvpTests/Pods-curbmap-ios-mvpTests-resources.sh\"\n";
			showEnvVarsInLog = 0;
		};
/* End PBXShellScriptBuildPhase section */

/* Begin PBXSourcesBuildPhase section */
		D5EF53822066224C001F602C /* Sources */ = {
			isa = PBXSourcesBuildPhase;
			buildActionMask = 2147483647;
			files = (
				F965C137206AD8EE00814D46 /* NavigationViewController.swift in Sources */,
				D5EF538C2066224D001F602C /* LoginViewController.swift in Sources */,
				D5EF538A2066224C001F602C /* AppDelegate.swift in Sources */,
				D50CC4EF20683E6F007A37E3 /* User.swift in Sources */,
				D5E75A54206AE9A500A58E3F /* AuthServices.swift in Sources */,
			);
			runOnlyForDeploymentPostprocessing = 0;
		};
		D5EF53962066224D001F602C /* Sources */ = {
			isa = PBXSourcesBuildPhase;
			buildActionMask = 2147483647;
			files = (
				D5E75A55206AE9A500A58E3F /* AuthServices.swift in Sources */,
				D50CC4F020683E6F007A37E3 /* User.swift in Sources */,
				D5EF539F2066224D001F602C /* curbmap_ios_mvpTests.swift in Sources */,
			);
			runOnlyForDeploymentPostprocessing = 0;
		};
		D5EF53A12066224D001F602C /* Sources */ = {
			isa = PBXSourcesBuildPhase;
			buildActionMask = 2147483647;
			files = (
				D50CC4F120683E6F007A37E3 /* User.swift in Sources */,
				D5EF53AA2066224D001F602C /* curbmap_ios_mvpUITests.swift in Sources */,
			);
			runOnlyForDeploymentPostprocessing = 0;
		};
/* End PBXSourcesBuildPhase section */

/* Begin PBXTargetDependency section */
		D5EF539C2066224D001F602C /* PBXTargetDependency */ = {
			isa = PBXTargetDependency;
			target = D5EF53852066224C001F602C /* curbmap-ios-mvp */;
			targetProxy = D5EF539B2066224D001F602C /* PBXContainerItemProxy */;
		};
		D5EF53A72066224D001F602C /* PBXTargetDependency */ = {
			isa = PBXTargetDependency;
			target = D5EF53852066224C001F602C /* curbmap-ios-mvp */;
			targetProxy = D5EF53A62066224D001F602C /* PBXContainerItemProxy */;
		};
/* End PBXTargetDependency section */

/* Begin PBXVariantGroup section */
		D5EF538D2066224D001F602C /* Main.storyboard */ = {
			isa = PBXVariantGroup;
			children = (
				D5EF538E2066224D001F602C /* Base */,
			);
			name = Main.storyboard;
			sourceTree = "<group>";
		};
		D5EF53922066224D001F602C /* LaunchScreen.storyboard */ = {
			isa = PBXVariantGroup;
			children = (
				D5EF53932066224D001F602C /* Base */,
			);
			name = LaunchScreen.storyboard;
			sourceTree = "<group>";
		};
/* End PBXVariantGroup section */

/* Begin XCBuildConfiguration section */
		D5EF53AC2066224D001F602C /* Debug */ = {
			isa = XCBuildConfiguration;
			buildSettings = {
				ALWAYS_SEARCH_USER_PATHS = NO;
				CLANG_ANALYZER_NONNULL = YES;
				CLANG_ANALYZER_NUMBER_OBJECT_CONVERSION = YES_AGGRESSIVE;
				CLANG_CXX_LANGUAGE_STANDARD = "gnu++14";
				CLANG_CXX_LIBRARY = "libc++";
				CLANG_ENABLE_MODULES = YES;
				CLANG_ENABLE_OBJC_ARC = YES;
				CLANG_WARN_BLOCK_CAPTURE_AUTORELEASING = YES;
				CLANG_WARN_BOOL_CONVERSION = YES;
				CLANG_WARN_COMMA = YES;
				CLANG_WARN_CONSTANT_CONVERSION = YES;
				CLANG_WARN_DIRECT_OBJC_ISA_USAGE = YES_ERROR;
				CLANG_WARN_DOCUMENTATION_COMMENTS = YES;
				CLANG_WARN_EMPTY_BODY = YES;
				CLANG_WARN_ENUM_CONVERSION = YES;
				CLANG_WARN_INFINITE_RECURSION = YES;
				CLANG_WARN_INT_CONVERSION = YES;
				CLANG_WARN_NON_LITERAL_NULL_CONVERSION = YES;
				CLANG_WARN_OBJC_LITERAL_CONVERSION = YES;
				CLANG_WARN_OBJC_ROOT_CLASS = YES_ERROR;
				CLANG_WARN_RANGE_LOOP_ANALYSIS = YES;
				CLANG_WARN_STRICT_PROTOTYPES = YES;
				CLANG_WARN_SUSPICIOUS_MOVE = YES;
				CLANG_WARN_UNGUARDED_AVAILABILITY = YES_AGGRESSIVE;
				CLANG_WARN_UNREACHABLE_CODE = YES;
				CLANG_WARN__DUPLICATE_METHOD_MATCH = YES;
				CODE_SIGN_IDENTITY = "iPhone Developer";
				COPY_PHASE_STRIP = NO;
				DEBUG_INFORMATION_FORMAT = dwarf;
				ENABLE_STRICT_OBJC_MSGSEND = YES;
				ENABLE_TESTABILITY = YES;
				GCC_C_LANGUAGE_STANDARD = gnu11;
				GCC_DYNAMIC_NO_PIC = NO;
				GCC_NO_COMMON_BLOCKS = YES;
				GCC_OPTIMIZATION_LEVEL = 0;
				GCC_PREPROCESSOR_DEFINITIONS = (
					"DEBUG=1",
					"$(inherited)",
				);
				GCC_WARN_64_TO_32_BIT_CONVERSION = YES;
				GCC_WARN_ABOUT_RETURN_TYPE = YES_ERROR;
				GCC_WARN_UNDECLARED_SELECTOR = YES;
				GCC_WARN_UNINITIALIZED_AUTOS = YES_AGGRESSIVE;
				GCC_WARN_UNUSED_FUNCTION = YES;
				GCC_WARN_UNUSED_VARIABLE = YES;
				IPHONEOS_DEPLOYMENT_TARGET = 11.2;
				MTL_ENABLE_DEBUG_INFO = YES;
				ONLY_ACTIVE_ARCH = YES;
				SDKROOT = iphoneos;
				SWIFT_ACTIVE_COMPILATION_CONDITIONS = DEBUG;
				SWIFT_OPTIMIZATION_LEVEL = "-Onone";
			};
			name = Debug;
		};
		D5EF53AD2066224D001F602C /* Release */ = {
			isa = XCBuildConfiguration;
			buildSettings = {
				ALWAYS_SEARCH_USER_PATHS = NO;
				CLANG_ANALYZER_NONNULL = YES;
				CLANG_ANALYZER_NUMBER_OBJECT_CONVERSION = YES_AGGRESSIVE;
				CLANG_CXX_LANGUAGE_STANDARD = "gnu++14";
				CLANG_CXX_LIBRARY = "libc++";
				CLANG_ENABLE_MODULES = YES;
				CLANG_ENABLE_OBJC_ARC = YES;
				CLANG_WARN_BLOCK_CAPTURE_AUTORELEASING = YES;
				CLANG_WARN_BOOL_CONVERSION = YES;
				CLANG_WARN_COMMA = YES;
				CLANG_WARN_CONSTANT_CONVERSION = YES;
				CLANG_WARN_DIRECT_OBJC_ISA_USAGE = YES_ERROR;
				CLANG_WARN_DOCUMENTATION_COMMENTS = YES;
				CLANG_WARN_EMPTY_BODY = YES;
				CLANG_WARN_ENUM_CONVERSION = YES;
				CLANG_WARN_INFINITE_RECURSION = YES;
				CLANG_WARN_INT_CONVERSION = YES;
				CLANG_WARN_NON_LITERAL_NULL_CONVERSION = YES;
				CLANG_WARN_OBJC_LITERAL_CONVERSION = YES;
				CLANG_WARN_OBJC_ROOT_CLASS = YES_ERROR;
				CLANG_WARN_RANGE_LOOP_ANALYSIS = YES;
				CLANG_WARN_STRICT_PROTOTYPES = YES;
				CLANG_WARN_SUSPICIOUS_MOVE = YES;
				CLANG_WARN_UNGUARDED_AVAILABILITY = YES_AGGRESSIVE;
				CLANG_WARN_UNREACHABLE_CODE = YES;
				CLANG_WARN__DUPLICATE_METHOD_MATCH = YES;
				CODE_SIGN_IDENTITY = "iPhone Developer";
				COPY_PHASE_STRIP = NO;
				DEBUG_INFORMATION_FORMAT = "dwarf-with-dsym";
				ENABLE_NS_ASSERTIONS = NO;
				ENABLE_STRICT_OBJC_MSGSEND = YES;
				GCC_C_LANGUAGE_STANDARD = gnu11;
				GCC_NO_COMMON_BLOCKS = YES;
				GCC_WARN_64_TO_32_BIT_CONVERSION = YES;
				GCC_WARN_ABOUT_RETURN_TYPE = YES_ERROR;
				GCC_WARN_UNDECLARED_SELECTOR = YES;
				GCC_WARN_UNINITIALIZED_AUTOS = YES_AGGRESSIVE;
				GCC_WARN_UNUSED_FUNCTION = YES;
				GCC_WARN_UNUSED_VARIABLE = YES;
				IPHONEOS_DEPLOYMENT_TARGET = 11.2;
				MTL_ENABLE_DEBUG_INFO = NO;
				SDKROOT = iphoneos;
				SWIFT_OPTIMIZATION_LEVEL = "-Owholemodule";
				VALIDATE_PRODUCT = YES;
			};
			name = Release;
		};
		D5EF53AF2066224D001F602C /* Debug */ = {
			isa = XCBuildConfiguration;
			baseConfigurationReference = 41BE27CEEC9A7125527D724D /* Pods-curbmap-ios-mvp.debug.xcconfig */;
			buildSettings = {
				ASSETCATALOG_COMPILER_APPICON_NAME = AppIcon;
				CODE_SIGN_IDENTITY = "";
				"CODE_SIGN_IDENTITY[sdk=iphoneos*]" = "iPhone Developer";
				CODE_SIGN_STYLE = Automatic;
				DEVELOPMENT_TEAM = GG58NB3258;
				INFOPLIST_FILE = "curbmap-ios-mvp/Info.plist";
				IPHONEOS_DEPLOYMENT_TARGET = 11.1;
				LD_RUNPATH_SEARCH_PATHS = "$(inherited) @executable_path/Frameworks";
				PRODUCT_BUNDLE_IDENTIFIER = "com.curbmap.curbmap-ios-mvp001";
				PRODUCT_NAME = "$(TARGET_NAME)";
				PROVISIONING_PROFILE_SPECIFIER = "";
				SWIFT_VERSION = 4.0;
				TARGETED_DEVICE_FAMILY = 1;
			};
			name = Debug;
		};
		D5EF53B02066224D001F602C /* Release */ = {
			isa = XCBuildConfiguration;
			baseConfigurationReference = 354F8FA736657A76EA3E6AA1 /* Pods-curbmap-ios-mvp.release.xcconfig */;
			buildSettings = {
				ASSETCATALOG_COMPILER_APPICON_NAME = AppIcon;
				CODE_SIGN_IDENTITY = "";
				"CODE_SIGN_IDENTITY[sdk=iphoneos*]" = "iPhone Developer";
				CODE_SIGN_STYLE = Automatic;
				DEVELOPMENT_TEAM = GG58NB3258;
				INFOPLIST_FILE = "curbmap-ios-mvp/Info.plist";
				IPHONEOS_DEPLOYMENT_TARGET = 11.1;
				LD_RUNPATH_SEARCH_PATHS = "$(inherited) @executable_path/Frameworks";
				PRODUCT_BUNDLE_IDENTIFIER = "com.curbmap.curbmap-ios-mvp001";
				PRODUCT_NAME = "$(TARGET_NAME)";
				PROVISIONING_PROFILE_SPECIFIER = "";
				SWIFT_VERSION = 4.0;
				TARGETED_DEVICE_FAMILY = 1;
			};
			name = Release;
		};
		D5EF53B22066224D001F602C /* Debug */ = {
			isa = XCBuildConfiguration;
			baseConfigurationReference = 82F365EA00BFB88242C2E0F5 /* Pods-curbmap-ios-mvpTests.debug.xcconfig */;
			buildSettings = {
				ALWAYS_EMBED_SWIFT_STANDARD_LIBRARIES = YES;
				BUNDLE_LOADER = "$(TEST_HOST)";
				CODE_SIGN_STYLE = Automatic;
				DEVELOPMENT_TEAM = CNKFCAS44G;
				INFOPLIST_FILE = "curbmap-ios-mvpTests/Info.plist";
				LD_RUNPATH_SEARCH_PATHS = "$(inherited) @executable_path/Frameworks @loader_path/Frameworks";
				PRODUCT_BUNDLE_IDENTIFIER = "com.curbmap.curbmap-ios-mvpTests";
				PRODUCT_NAME = "$(TARGET_NAME)";
				SWIFT_VERSION = 4.0;
				TARGETED_DEVICE_FAMILY = "1,2";
				TEST_HOST = "$(BUILT_PRODUCTS_DIR)/curbmap-ios-mvp.app/curbmap-ios-mvp";
			};
			name = Debug;
		};
		D5EF53B32066224D001F602C /* Release */ = {
			isa = XCBuildConfiguration;
			baseConfigurationReference = FE1A8CAFD27D8D7ED785448C /* Pods-curbmap-ios-mvpTests.release.xcconfig */;
			buildSettings = {
				ALWAYS_EMBED_SWIFT_STANDARD_LIBRARIES = YES;
				BUNDLE_LOADER = "$(TEST_HOST)";
				CODE_SIGN_STYLE = Automatic;
				DEVELOPMENT_TEAM = CNKFCAS44G;
				INFOPLIST_FILE = "curbmap-ios-mvpTests/Info.plist";
				LD_RUNPATH_SEARCH_PATHS = "$(inherited) @executable_path/Frameworks @loader_path/Frameworks";
				PRODUCT_BUNDLE_IDENTIFIER = "com.curbmap.curbmap-ios-mvpTests";
				PRODUCT_NAME = "$(TARGET_NAME)";
				SWIFT_VERSION = 4.0;
				TARGETED_DEVICE_FAMILY = "1,2";
				TEST_HOST = "$(BUILT_PRODUCTS_DIR)/curbmap-ios-mvp.app/curbmap-ios-mvp";
			};
			name = Release;
		};
		D5EF53B52066224D001F602C /* Debug */ = {
			isa = XCBuildConfiguration;
			baseConfigurationReference = 64FAC069469E8A762CF8B7B8 /* Pods-curbmap-ios-mvpUITests.debug.xcconfig */;
			buildSettings = {
				ALWAYS_EMBED_SWIFT_STANDARD_LIBRARIES = YES;
				CODE_SIGN_STYLE = Automatic;
				DEVELOPMENT_TEAM = CNKFCAS44G;
				INFOPLIST_FILE = "curbmap-ios-mvpUITests/Info.plist";
				LD_RUNPATH_SEARCH_PATHS = "$(inherited) @executable_path/Frameworks @loader_path/Frameworks";
				PRODUCT_BUNDLE_IDENTIFIER = "com.curbmap.curbmap-ios-mvpUITests";
				PRODUCT_NAME = "$(TARGET_NAME)";
				SWIFT_VERSION = 4.0;
				TARGETED_DEVICE_FAMILY = "1,2";
				TEST_TARGET_NAME = "curbmap-ios-mvp";
			};
			name = Debug;
		};
		D5EF53B62066224D001F602C /* Release */ = {
			isa = XCBuildConfiguration;
			baseConfigurationReference = C7870AFE72127AC6298E16D1 /* Pods-curbmap-ios-mvpUITests.release.xcconfig */;
			buildSettings = {
				ALWAYS_EMBED_SWIFT_STANDARD_LIBRARIES = YES;
				CODE_SIGN_STYLE = Automatic;
				DEVELOPMENT_TEAM = CNKFCAS44G;
				INFOPLIST_FILE = "curbmap-ios-mvpUITests/Info.plist";
				LD_RUNPATH_SEARCH_PATHS = "$(inherited) @executable_path/Frameworks @loader_path/Frameworks";
				PRODUCT_BUNDLE_IDENTIFIER = "com.curbmap.curbmap-ios-mvpUITests";
				PRODUCT_NAME = "$(TARGET_NAME)";
				SWIFT_VERSION = 4.0;
				TARGETED_DEVICE_FAMILY = "1,2";
				TEST_TARGET_NAME = "curbmap-ios-mvp";
			};
			name = Release;
		};
/* End XCBuildConfiguration section */

/* Begin XCConfigurationList section */
		D5EF53812066224C001F602C /* Build configuration list for PBXProject "curbmap-ios-mvp" */ = {
			isa = XCConfigurationList;
			buildConfigurations = (
				D5EF53AC2066224D001F602C /* Debug */,
				D5EF53AD2066224D001F602C /* Release */,
			);
			defaultConfigurationIsVisible = 0;
			defaultConfigurationName = Release;
		};
		D5EF53AE2066224D001F602C /* Build configuration list for PBXNativeTarget "curbmap-ios-mvp" */ = {
			isa = XCConfigurationList;
			buildConfigurations = (
				D5EF53AF2066224D001F602C /* Debug */,
				D5EF53B02066224D001F602C /* Release */,
			);
			defaultConfigurationIsVisible = 0;
			defaultConfigurationName = Release;
		};
		D5EF53B12066224D001F602C /* Build configuration list for PBXNativeTarget "curbmap-ios-mvpTests" */ = {
			isa = XCConfigurationList;
			buildConfigurations = (
				D5EF53B22066224D001F602C /* Debug */,
				D5EF53B32066224D001F602C /* Release */,
			);
			defaultConfigurationIsVisible = 0;
			defaultConfigurationName = Release;
		};
		D5EF53B42066224D001F602C /* Build configuration list for PBXNativeTarget "curbmap-ios-mvpUITests" */ = {
			isa = XCConfigurationList;
			buildConfigurations = (
				D5EF53B52066224D001F602C /* Debug */,
				D5EF53B62066224D001F602C /* Release */,
			);
			defaultConfigurationIsVisible = 0;
			defaultConfigurationName = Release;
		};
/* End XCConfigurationList section */
	};
	rootObject = D5EF537E2066224C001F602C /* Project object */;
}
